
Microsoft Visual Studio Solution File, Format Version 12.00
# Visual Studio Version 16
VisualStudioVersion = 16.0.30114.105
MinimumVisualStudioVersion = 10.0.40219.1
Project("{FAE04EC0-301F-11D3-BF4B-00C04F79EFBC}") = "CrudOperationMvc_Core", "CrudOperationMvc_Core\CrudOperationMvc_Core.csproj", "{9CAFCB94-87FF-41E3-9835-F6592FA49F75}"
EndProject
Global
	GlobalSection(SolutionConfigurationPlatforms) = preSolution
		Debug|Any CPU = Debug|Any CPU
		Release|Any CPU = Release|Any CPU
	EndGlobalSection
	GlobalSection(ProjectConfigurationPlatforms) = postSolution
		{9CAFCB94-87FF-41E3-9835-F6592FA49F75}.Debug|Any CPU.ActiveCfg = Debug|Any CPU
		{9CAFCB94-87FF-41E3-9835-F6592FA49F75}.Debug|Any CPU.Build.0 = Debug|Any CPU
		{9CAFCB94-87FF-41E3-9835-F6592FA49F75}.Release|Any CPU.ActiveCfg = Release|Any CPU
		{9CAFCB94-87FF-41E3-9835-F6592FA49F75}.Release|Any CPU.Build.0 = Release|Any CPU
	EndGlobalSection
	GlobalSection(SolutionProperties) = preSolution
		HideSolutionNode = FALSE
	EndGlobalSection
	GlobalSection(ExtensibilityGlobals) = postSolution
		SolutionGuid = {0E3824E2-998C-4BF2-8E90-33456673C78C}
	EndGlobalSection
EndGlobal
